
Microsoft Visual Studio Solution File, Format Version 12.00
# Visual Studio 2012
Project("{FAE04EC0-301F-11D3-BF4B-00C04F79EFBC}") = "ikende.minicms.web", "ikende.minicms.web\ikende.minicms.web.csproj", "{A5EAFB07-42CC-4CCC-8655-AD92F91B5DE2}"
EndProject
Global
	GlobalSection(SolutionConfigurationPlatforms) = preSolution
		Debug|Any CPU = Debug|Any CPU
		Release|Any CPU = Release|Any CPU
	EndGlobalSection
	GlobalSection(ProjectConfigurationPlatforms) = postSolution
		{A5EAFB07-42CC-4CCC-8655-AD92F91B5DE2}.Debug|Any CPU.ActiveCfg = Debug|Any CPU
		{A5EAFB07-42CC-4CCC-8655-AD92F91B5DE2}.Debug|Any CPU.Build.0 = Debug|Any CPU
		{A5EAFB07-42CC-4CCC-8655-AD92F91B5DE2}.Release|Any CPU.ActiveCfg = Release|Any CPU
		{A5EAFB07-42CC-4CCC-8655-AD92F91B5DE2}.Release|Any CPU.Build.0 = Release|Any CPU
	EndGlobalSection
	GlobalSection(SolutionProperties) = preSolution
		HideSolutionNode = FALSE
	EndGlobalSection
EndGlobal
